
Microsoft Visual Studio Solution File, Format Version 12.00
# Visual Studio Version 16
VisualStudioVersion = 16.0.28917.182
MinimumVisualStudioVersion = 10.0.40219.1
Project("{FAE04EC0-301F-11D3-BF4B-00C04F79EFBC}") = "aspnetcore3", "aspnetcore3\aspnetcore3.csproj", "{47556153-251D-49DC-9ADF-8A4F498D5C1A}"
EndProject
Global
	GlobalSection(SolutionConfigurationPlatforms) = preSolution
		Debug|Any CPU = Debug|Any CPU
		Release|Any CPU = Release|Any CPU
	EndGlobalSection
	GlobalSection(ProjectConfigurationPlatforms) = postSolution
		{47556153-251D-49DC-9ADF-8A4F498D5C1A}.Debug|Any CPU.ActiveCfg = Debug|Any CPU
		{47556153-251D-49DC-9ADF-8A4F498D5C1A}.Debug|Any CPU.Build.0 = Debug|Any CPU
		{47556153-251D-49DC-9ADF-8A4F498D5C1A}.Release|Any CPU.ActiveCfg = Release|Any CPU
		{47556153-251D-49DC-9ADF-8A4F498D5C1A}.Release|Any CPU.Build.0 = Release|Any CPU
	EndGlobalSection
	GlobalSection(SolutionProperties) = preSolution
		HideSolutionNode = FALSE
	EndGlobalSection
	GlobalSection(ExtensibilityGlobals) = postSolution
		SolutionGuid = {A849C402-908E-40CE-A20E-30E8D9450D91}
	EndGlobalSection
EndGlobal
